
Microsoft Visual Studio Solution File, Format Version 12.00
# Visual Studio 15
VisualStudioVersion = 15.0.27703.2042
MinimumVisualStudioVersion = 10.0.40219.1
Project("{9A19103F-16F7-4668-BE54-9A1E7A4F7556}") = "Asmuth", "Asmuth\Asmuth.csproj", "{E36CA8FD-AB61-4271-990E-C0A14B8E535F}"
EndProject
Project("{FAE04EC0-301F-11D3-BF4B-00C04F79EFBC}") = "Asmuth.Tests", "Asmuth.Tests\Asmuth.Tests.csproj", "{1AB1365A-DD53-43F0-B4F6-7BD4193F0096}"
EndProject
Project("{FAE04EC0-301F-11D3-BF4B-00C04F79EFBC}") = "Asmuth.Debugger", "Asmuth.Debugger\Asmuth.Debugger.csproj", "{129CCF95-811B-4DF5-896B-993AD222F21F}"
EndProject
Project("{FAE04EC0-301F-11D3-BF4B-00C04F79EFBC}") = "Asmuth.Disassembler", "Asmuth.Disassembler\Asmuth.Disassembler.csproj", "{0C757FE7-F21E-49B1-BF84-ADEED39E6678}"
EndProject
Global
	GlobalSection(SolutionConfigurationPlatforms) = preSolution
		Debug|Any CPU = Debug|Any CPU
		Debug|x64 = Debug|x64
		Release|Any CPU = Release|Any CPU
		Release|x64 = Release|x64
	EndGlobalSection
	GlobalSection(ProjectConfigurationPlatforms) = postSolution
		{E36CA8FD-AB61-4271-990E-C0A14B8E535F}.Debug|Any CPU.ActiveCfg = Debug|Any CPU
		{E36CA8FD-AB61-4271-990E-C0A14B8E535F}.Debug|Any CPU.Build.0 = Debug|Any CPU
		{E36CA8FD-AB61-4271-990E-C0A14B8E535F}.Debug|x64.ActiveCfg = Debug|x64
		{E36CA8FD-AB61-4271-990E-C0A14B8E535F}.Debug|x64.Build.0 = Debug|x64
		{E36CA8FD-AB61-4271-990E-C0A14B8E535F}.Release|Any CPU.ActiveCfg = Release|Any CPU
		{E36CA8FD-AB61-4271-990E-C0A14B8E535F}.Release|Any CPU.Build.0 = Release|Any CPU
		{E36CA8FD-AB61-4271-990E-C0A14B8E535F}.Release|x64.ActiveCfg = Release|x64
		{E36CA8FD-AB61-4271-990E-C0A14B8E535F}.Release|x64.Build.0 = Release|x64
		{1AB1365A-DD53-43F0-B4F6-7BD4193F0096}.Debug|Any CPU.ActiveCfg = Debug|Any CPU
		{1AB1365A-DD53-43F0-B4F6-7BD4193F0096}.Debug|Any CPU.Build.0 = Debug|Any CPU
		{1AB1365A-DD53-43F0-B4F6-7BD4193F0096}.Debug|x64.ActiveCfg = Debug|Any CPU
		{1AB1365A-DD53-43F0-B4F6-7BD4193F0096}.Debug|x64.Build.0 = Debug|Any CPU
		{1AB1365A-DD53-43F0-B4F6-7BD4193F0096}.Release|Any CPU.ActiveCfg = Release|Any CPU
		{1AB1365A-DD53-43F0-B4F6-7BD4193F0096}.Release|Any CPU.Build.0 = Release|Any CPU
		{1AB1365A-DD53-43F0-B4F6-7BD4193F0096}.Release|x64.ActiveCfg = Release|Any CPU
		{1AB1365A-DD53-43F0-B4F6-7BD4193F0096}.Release|x64.Build.0 = Release|Any CPU
		{129CCF95-811B-4DF5-896B-993AD222F21F}.Debug|Any CPU.ActiveCfg = Debug|Any CPU
		{129CCF95-811B-4DF5-896B-993AD222F21F}.Debug|Any CPU.Build.0 = Debug|Any CPU
		{129CCF95-811B-4DF5-896B-993AD222F21F}.Debug|x64.ActiveCfg = Debug|x64
		{129CCF95-811B-4DF5-896B-993AD222F21F}.Debug|x64.Build.0 = Debug|x64
		{129CCF95-811B-4DF5-896B-993AD222F21F}.Release|Any CPU.ActiveCfg = Release|Any CPU
		{129CCF95-811B-4DF5-896B-993AD222F21F}.Release|Any CPU.Build.0 = Release|Any CPU
		{129CCF95-811B-4DF5-896B-993AD222F21F}.Release|x64.ActiveCfg = Release|x64
		{129CCF95-811B-4DF5-896B-993AD222F21F}.Release|x64.Build.0 = Release|x64
		{0C757FE7-F21E-49B1-BF84-ADEED39E6678}.Debug|Any CPU.ActiveCfg = Debug|Any CPU
		{0C757FE7-F21E-49B1-BF84-ADEED39E6678}.Debug|Any CPU.Build.0 = Debug|Any CPU
		{0C757FE7-F21E-49B1-BF84-ADEED39E6678}.Debug|x64.ActiveCfg = Debug|x64
		{0C757FE7-F21E-49B1-BF84-ADEED39E6678}.Debug|x64.Build.0 = Debug|x64
		{0C757FE7-F21E-49B1-BF84-ADEED39E6678}.Release|Any CPU.ActiveCfg = Release|Any CPU
		{0C757FE7-F21E-49B1-BF84-ADEED39E6678}.Release|Any CPU.Build.0 = Release|Any CPU
		{0C757FE7-F21E-49B1-BF84-ADEED39E6678}.Release|x64.ActiveCfg = Release|x64
		{0C757FE7-F21E-49B1-BF84-ADEED39E6678}.Release|x64.Build.0 = Release|x64
	EndGlobalSection
	GlobalSection(SolutionProperties) = preSolution
		HideSolutionNode = FALSE
	EndGlobalSection
	GlobalSection(ExtensibilityGlobals) = postSolution
		SolutionGuid = {E68ADDE9-B29A-42F4-A29F-210D22DC07A3}
	EndGlobalSection
EndGlobal
